
Microsoft Visual Studio Solution File, Format Version 12.00
# Visual Studio Version 16
VisualStudioVersion = 16.0.31613.86
MinimumVisualStudioVersion = 10.0.40219.1
Project("{FAE04EC0-301F-11D3-BF4B-00C04F79EFBC}") = "HashTable", "HashTable\HashTable.csproj", "{BBE61436-658E-4D49-96D2-CAF2DA3CCC85}"
EndProject
Global
	GlobalSection(SolutionConfigurationPlatforms) = preSolution
		Debug|Any CPU = Debug|Any CPU
		Release|Any CPU = Release|Any CPU
	EndGlobalSection
	GlobalSection(ProjectConfigurationPlatforms) = postSolution
		{BBE61436-658E-4D49-96D2-CAF2DA3CCC85}.Debug|Any CPU.ActiveCfg = Debug|Any CPU
		{BBE61436-658E-4D49-96D2-CAF2DA3CCC85}.Debug|Any CPU.Build.0 = Debug|Any CPU
		{BBE61436-658E-4D49-96D2-CAF2DA3CCC85}.Release|Any CPU.ActiveCfg = Release|Any CPU
		{BBE61436-658E-4D49-96D2-CAF2DA3CCC85}.Release|Any CPU.Build.0 = Release|Any CPU
	EndGlobalSection
	GlobalSection(SolutionProperties) = preSolution
		HideSolutionNode = FALSE
	EndGlobalSection
	GlobalSection(ExtensibilityGlobals) = postSolution
		SolutionGuid = {8C662D61-44E1-4DF5-9F93-C141EA96F4B6}
	EndGlobalSection
EndGlobal
